<?xml version="1.0" encoding="utf-8"?>
<Project ToolsVersion="4.0" xmlns="http://schemas.microsoft.com/developer/msbuild/2003">
  <ItemGroup>
    <ClCompile Include="DllMain.cpp" />
    <ClCompile Include="AppManager.cpp" />
  </ItemGroup>
  <ItemGroup>
    <ClInclude Include="AppManager.h" />
    <ClInclude Include="Utils\Memory\Process.h" />
    <ClInclude Include="resource.h" />
  </ItemGroup>
  <ItemGroup>
    <ResourceCompile Include="vSRO-ClientPatch.rc" />
  </ItemGroup>
</Project>